# THIS IS AN AUTOGENERATED FILE. DO NOT EDIT THIS FILE DIRECTLY.
# yarn lockfile v1


addressparser@^0.3.2:
  version "0.3.2"
  resolved "http://registry.npm.taobao.org/addressparser/download/addressparser-0.3.2.tgz#59873f35e8fcf6c7361c10239261d76e15348bb2"
  integrity sha1-WYc/Nej89sc2HBAjkmHXbhU0i7I=

emailjs-base64@^1.1.4:
  version "1.1.4"
  resolved "http://registry.npm.taobao.org/emailjs-base64/download/emailjs-base64-1.1.4.tgz#392fa38cb6aa35dccd3af3637ffc14c1c7ce9612"
  integrity sha1-OS+jjLaqNdzNOvNjf/wUwcfOlhI=

emailjs-mime-codec@^2.0.7:
  version "2.0.8"
  resolved "http://registry.npm.taobao.org/emailjs-mime-codec/download/emailjs-mime-codec-2.0.8.tgz#d5abc191902c560ee56359e0d1d9b090471f3a3f"
  integrity sha1-1avBkZAsVg7lY1ng0dmwkEcfOj8=
  dependencies:
    emailjs-base64 "^1.1.4"
    ramda "^0.25.0"
    text-encoding "^0.6.4"

emailjs@^2.2.0:
  version "2.2.0"
  resolved "http://registry.npm.taobao.org/emailjs/download/emailjs-2.2.0.tgz#ba5b23e4a4b0a4510f652e873b154e9407b6ca03"
  integrity sha1-ulsj5KSwpFEPZS6HOxVOlAe2ygM=
  dependencies:
    addressparser "^0.3.2"
    emailjs-mime-codec "^2.0.7"

ramda@^0.25.0:
  version "0.25.0"
  resolved "http://registry.npm.taobao.org/ramda/download/ramda-0.25.0.tgz#8fdf68231cffa90bc2f9460390a0cb74a29b29a9"
  integrity sha1-j99oIxz/qQvC+UYDkKDLdKKbKak=

text-encoding@^0.6.4:
  version "0.6.4"
  resolved "http://registry.npm.taobao.org/text-encoding/download/text-encoding-0.6.4.tgz#e399a982257a276dae428bb92845cb71bdc26d19"
  integrity sha1-45mpgiV6J22uQou5KEXLcb3CbRk=
